version = 1
requires-python = ">=3.10"

[[package]]
name = "immutabledict"
version = "4.2.1"
source = { registry = "https://pypi.org/simple" }
sdist = { url = "https://files.pythonhosted.org/packages/e0/c5/4240186fbabc58fba41bbe17c5f0cd37ffd4c0b85a5029ab104f946df175/immutabledict-4.2.1.tar.gz", hash = "sha256:d91017248981c72eb66c8ff9834e99c2f53562346f23e7f51e7a5ebcf66a3bcc", size = 6228 }
wheels = [
    { url = "https://files.pythonhosted.org/packages/59/56/25ca7b848164b7d93dbd5fc97dd7751700c93e324fe854afbeb562ee2f98/immutabledict-4.2.1-py3-none-any.whl", hash = "sha256:c56a26ced38c236f79e74af3ccce53772827cef5c3bce7cab33ff2060f756373", size = 4700 },
]

[[package]]
name = "lit"
version = "18.1.8"
source = { registry = "https://pypi.org/simple" }
sdist = { url = "https://files.pythonhosted.org/packages/47/b4/d7e210971494db7b9a9ac48ff37dfa59a8b14c773f9cf47e6bda58411c0d/lit-18.1.8.tar.gz", hash = "sha256:47c174a186941ae830f04ded76a3444600be67d5e5fb8282c3783fba671c4edb", size = 161127 }
wheels = [
    { url = "https://files.pythonhosted.org/packages/96/06/b36f150fa7c5bcc96a31a4d19a20fddbd1d965b6f02510b57a3bb8d4b930/lit-18.1.8-py3-none-any.whl", hash = "sha256:a873ff7acd76e746368da32eb7355625e2e55a2baaab884c9cc130f2ee0300f7", size = 96365 },
]

[[package]]
name = "ordered-set"
version = "4.1.0"
source = { registry = "https://pypi.org/simple" }
sdist = { url = "https://files.pythonhosted.org/packages/4c/ca/bfac8bc689799bcca4157e0e0ced07e70ce125193fc2e166d2e685b7e2fe/ordered-set-4.1.0.tar.gz", hash = "sha256:694a8e44c87657c59292ede72891eb91d34131f6531463aab3009191c77364a8", size = 12826 }
wheels = [
    { url = "https://files.pythonhosted.org/packages/33/55/af02708f230eb77084a299d7b08175cff006dea4f2721074b92cdb0296c0/ordered_set-4.1.0-py3-none-any.whl", hash = "sha256:046e1132c71fcf3330438a539928932caf51ddbc582496833e23de611de14562", size = 7634 },
]

[[package]]
name = "tenstorrent"
version = "0.1.0"
source = { editable = "." }
dependencies = [
    { name = "xdsl" },
]

[package.optional-dependencies]
testing = [
    { name = "lit" },
]

[package.metadata]
requires-dist = [
    { name = "lit", marker = "extra == 'testing'", specifier = ">=18.1.8" },
    { name = "xdsl", specifier = ">=0.27.0" },
]

[[package]]
name = "typing-extensions"
version = "4.12.2"
source = { registry = "https://pypi.org/simple" }
sdist = { url = "https://files.pythonhosted.org/packages/df/db/f35a00659bc03fec321ba8bce9420de607a1d37f8342eee1863174c69557/typing_extensions-4.12.2.tar.gz", hash = "sha256:1a7ead55c7e559dd4dee8856e3a88b41225abfe1ce8df57b7c13915fe121ffb8", size = 85321 }
wheels = [
    { url = "https://files.pythonhosted.org/packages/26/9f/ad63fc0248c5379346306f8668cda6e2e2e9c95e01216d2b8ffd9ff037d0/typing_extensions-4.12.2-py3-none-any.whl", hash = "sha256:04e5ca0351e0f3f85c6853954072df659d0d13fac324d0072316b67d7794700d", size = 37438 },
]

[[package]]
name = "xdsl"
version = "0.27.0"
source = { registry = "https://pypi.org/simple" }
dependencies = [
    { name = "immutabledict" },
    { name = "ordered-set" },
    { name = "typing-extensions" },
]
sdist = { url = "https://files.pythonhosted.org/packages/f7/16/4f5d8dad8ef9cd8116f5d58b76a9fa16006e496bc641c4df3ede21bef291/xdsl-0.27.0.tar.gz", hash = "sha256:efaa83314942d79314d1fc356496ce9b51a95ac8ce3323d16624d2dded8e93e2", size = 720499 }
wheels = [
    { url = "https://files.pythonhosted.org/packages/2d/b1/903b055e2eece733f322537f9c91a7e5894e3661b197b3011cd698210d1c/xdsl-0.27.0-py3-none-any.whl", hash = "sha256:5c810c90fe02be65565ea627d90828fb450d811d75db3b7220888620cbd9274f", size = 805020 },
]
